
Microsoft Visual Studio Solution File, Format Version 12.00
# Visual Studio Version 16
VisualStudioVersion = 16.0.31424.327
MinimumVisualStudioVersion = 10.0.40219.1
Project("{9A19103F-16F7-4668-BE54-9A1E7A4F7556}") = "DragRace", "DragRace\DragRace.csproj", "{5792AB06-C32F-4210-B020-DF062CE0F642}"
EndProject
Project("{9A19103F-16F7-4668-BE54-9A1E7A4F7556}") = "MakeSounds", "MakeSounds\MakeSounds.csproj", "{293EF666-B5D0-44CA-9D7E-C0689FC48858}"
EndProject
Project("{9A19103F-16F7-4668-BE54-9A1E7A4F7556}") = "Persons", "Persons\Persons.csproj", "{E7E3D7B0-D278-44B7-A3D7-003047589CBE}"
EndProject
Project("{9A19103F-16F7-4668-BE54-9A1E7A4F7556}") = "Firm", "Firm\Firm.csproj", "{F7CC2A72-64E9-4309-95E7-2CD086CB38E1}"
EndProject
Global
	GlobalSection(SolutionConfigurationPlatforms) = preSolution
		Debug|Any CPU = Debug|Any CPU
		Release|Any CPU = Release|Any CPU
	EndGlobalSection
	GlobalSection(ProjectConfigurationPlatforms) = postSolution
		{5792AB06-C32F-4210-B020-DF062CE0F642}.Debug|Any CPU.ActiveCfg = Debug|Any CPU
		{5792AB06-C32F-4210-B020-DF062CE0F642}.Debug|Any CPU.Build.0 = Debug|Any CPU
		{5792AB06-C32F-4210-B020-DF062CE0F642}.Release|Any CPU.ActiveCfg = Release|Any CPU
		{5792AB06-C32F-4210-B020-DF062CE0F642}.Release|Any CPU.Build.0 = Release|Any CPU
		{293EF666-B5D0-44CA-9D7E-C0689FC48858}.Debug|Any CPU.ActiveCfg = Debug|Any CPU
		{293EF666-B5D0-44CA-9D7E-C0689FC48858}.Debug|Any CPU.Build.0 = Debug|Any CPU
		{293EF666-B5D0-44CA-9D7E-C0689FC48858}.Release|Any CPU.ActiveCfg = Release|Any CPU
		{293EF666-B5D0-44CA-9D7E-C0689FC48858}.Release|Any CPU.Build.0 = Release|Any CPU
		{E7E3D7B0-D278-44B7-A3D7-003047589CBE}.Debug|Any CPU.ActiveCfg = Debug|Any CPU
		{E7E3D7B0-D278-44B7-A3D7-003047589CBE}.Debug|Any CPU.Build.0 = Debug|Any CPU
		{E7E3D7B0-D278-44B7-A3D7-003047589CBE}.Release|Any CPU.ActiveCfg = Release|Any CPU
		{E7E3D7B0-D278-44B7-A3D7-003047589CBE}.Release|Any CPU.Build.0 = Release|Any CPU
		{F7CC2A72-64E9-4309-95E7-2CD086CB38E1}.Debug|Any CPU.ActiveCfg = Debug|Any CPU
		{F7CC2A72-64E9-4309-95E7-2CD086CB38E1}.Debug|Any CPU.Build.0 = Debug|Any CPU
		{F7CC2A72-64E9-4309-95E7-2CD086CB38E1}.Release|Any CPU.ActiveCfg = Release|Any CPU
		{F7CC2A72-64E9-4309-95E7-2CD086CB38E1}.Release|Any CPU.Build.0 = Release|Any CPU
	EndGlobalSection
	GlobalSection(SolutionProperties) = preSolution
		HideSolutionNode = FALSE
	EndGlobalSection
	GlobalSection(ExtensibilityGlobals) = postSolution
		SolutionGuid = {24B17DA2-98D3-42F4-A86F-73B144760D1C}
	EndGlobalSection
EndGlobal
